
Microsoft Visual Studio Solution File, Format Version 11.00
# Visual Studio 2010
Project("{FAE04EC0-301F-11D3-BF4B-00C04F79EFBC}") = "Assembly-CSharp", "Assembly-CSharp.csproj", "{D200E163-F700-F3B9-D729-2BE6B6E1B327}"
EndProject
Project("{FAE04EC0-301F-11D3-BF4B-00C04F79EFBC}") = "Assembly-CSharp-firstpass", "Assembly-CSharp-firstpass.csproj", "{A5A91B78-8952-569B-6130-D9DECDE99BAD}"
EndProject
Project("{FAE04EC0-301F-11D3-BF4B-00C04F79EFBC}") = "Assembly-CSharp-Editor", "Assembly-CSharp-Editor.csproj", "{189062D8-9E9B-5669-C409-7870C7216753}"
EndProject
Global
	GlobalSection(SolutionConfigurationPlatforms) = preSolution
		Debug|Any CPU = Debug|Any CPU
		Release|Any CPU = Release|Any CPU
	EndGlobalSection
	GlobalSection(ProjectConfigurationPlatforms) = postSolution
		{D200E163-F700-F3B9-D729-2BE6B6E1B327}.Debug|Any CPU.ActiveCfg = Debug|Any CPU
		{D200E163-F700-F3B9-D729-2BE6B6E1B327}.Debug|Any CPU.Build.0 = Debug|Any CPU
		{D200E163-F700-F3B9-D729-2BE6B6E1B327}.Release|Any CPU.ActiveCfg = Release|Any CPU
		{D200E163-F700-F3B9-D729-2BE6B6E1B327}.Release|Any CPU.Build.0 = Release|Any CPU
		{A5A91B78-8952-569B-6130-D9DECDE99BAD}.Debug|Any CPU.ActiveCfg = Debug|Any CPU
		{A5A91B78-8952-569B-6130-D9DECDE99BAD}.Debug|Any CPU.Build.0 = Debug|Any CPU
		{A5A91B78-8952-569B-6130-D9DECDE99BAD}.Release|Any CPU.ActiveCfg = Release|Any CPU
		{A5A91B78-8952-569B-6130-D9DECDE99BAD}.Release|Any CPU.Build.0 = Release|Any CPU
		{189062D8-9E9B-5669-C409-7870C7216753}.Debug|Any CPU.ActiveCfg = Debug|Any CPU
		{189062D8-9E9B-5669-C409-7870C7216753}.Debug|Any CPU.Build.0 = Debug|Any CPU
		{189062D8-9E9B-5669-C409-7870C7216753}.Release|Any CPU.ActiveCfg = Release|Any CPU
		{189062D8-9E9B-5669-C409-7870C7216753}.Release|Any CPU.Build.0 = Release|Any CPU
	EndGlobalSection
	GlobalSection(SolutionProperties) = preSolution
		HideSolutionNode = FALSE
	EndGlobalSection
EndGlobal
